
Microsoft Visual Studio Solution File, Format Version 12.00
# Visual Studio Version 16
VisualStudioVersion = 16.0.31727.386
MinimumVisualStudioVersion = 10.0.40219.1
Project("{FAE04EC0-301F-11D3-BF4B-00C04F79EFBC}") = "eTickets", "eTickets\eTickets.csproj", "{1B51EE6B-86AF-4A38-A82F-E6E46B42756C}"
EndProject
Global
	GlobalSection(SolutionConfigurationPlatforms) = preSolution
		Debug|Any CPU = Debug|Any CPU
		Release|Any CPU = Release|Any CPU
	EndGlobalSection
	GlobalSection(ProjectConfigurationPlatforms) = postSolution
		{1B51EE6B-86AF-4A38-A82F-E6E46B42756C}.Debug|Any CPU.ActiveCfg = Debug|Any CPU
		{1B51EE6B-86AF-4A38-A82F-E6E46B42756C}.Debug|Any CPU.Build.0 = Debug|Any CPU
		{1B51EE6B-86AF-4A38-A82F-E6E46B42756C}.Release|Any CPU.ActiveCfg = Release|Any CPU
		{1B51EE6B-86AF-4A38-A82F-E6E46B42756C}.Release|Any CPU.Build.0 = Release|Any CPU
	EndGlobalSection
	GlobalSection(SolutionProperties) = preSolution
		HideSolutionNode = FALSE
	EndGlobalSection
	GlobalSection(ExtensibilityGlobals) = postSolution
		SolutionGuid = {583FA729-B669-413A-912C-84519023502B}
	EndGlobalSection
EndGlobal
